{
  "pins" : [
    {
      "identity" : "common-defs",
      "kind" : "remoteSourceControl",
      "location" : "https://github.com/shvets/common-defs",
      "state" : {
        "revision" : "6478bad042bc547945b1eb5ebb1676dfff25bd3f",
        "version" : "1.0.7"
      }
    },
    {
      "identity" : "item-navigator",
      "kind" : "remoteSourceControl",
      "location" : "https://github.com/shvets/item-navigator",
      "state" : {
        "revision" : "ebbc5812c6c6f1b2bf0e9bd8e724dc0043d76163",
        "version" : "1.0.7"
      }
    },
    {
      "identity" : "media-player",
      "kind" : "remoteSourceControl",
      "location" : "https://github.com/shvets/media-player",
      "state" : {
        "revision" : "ca61ffdb76068f3012c00e92f565f2c0703b8440",
        "version" : "2.0.3"
      }
    },
    {
      "identity" : "plain-image-view",
      "kind" : "remoteSourceControl",
      "location" : "https://github.com/shvets/plain-image-view",
      "state" : {
        "revision" : "26c97855db61b5dbdddcb9441dc6a68a27a7efb1",
        "version" : "1.0.4"
      }
    },
    {
      "identity" : "swift-ui-commons",
      "kind" : "remoteSourceControl",
      "location" : "https://github.com/shvets/swift-ui-commons",
      "state" : {
        "revision" : "0d0af66ce126cb24e68d57643d274468445bbb07",
        "version" : "1.0.0"
      }
    }
  ],
  "version" : 2
}
