{
  "originHash" : "fec32f55c7d6c064888f2a260852d8b8bdc5a5e0e9ac9bb62e8fc1e4e1a176dc",
  "pins" : [
    {
      "identity" : "common-defs",
      "kind" : "remoteSourceControl",
      "location" : "https://github.com/shvets/common-defs",
      "state" : {
        "revision" : "89538595e5f0bee877f2147f875a96bdd770e2d1",
        "version" : "1.0.8"
      }
    },
    {
      "identity" : "item-navigator",
      "kind" : "remoteSourceControl",
      "location" : "https://github.com/shvets/item-navigator",
      "state" : {
        "revision" : "6c25e8e56ba8e498af7764a7e9da1c66e9e714b8",
        "version" : "1.1.0"
      }
    },
    {
      "identity" : "media-player",
      "kind" : "remoteSourceControl",
      "location" : "https://github.com/shvets/media-player",
      "state" : {
        "revision" : "6fbda580c05f2de471116b3047131f9c702dd62a",
        "version" : "2.1.0"
      }
    },
    {
      "identity" : "plain-image-view",
      "kind" : "remoteSourceControl",
      "location" : "https://github.com/shvets/plain-image-view",
      "state" : {
        "revision" : "28470bba66eb0f9136e928f77a05336a5f543527",
        "version" : "1.1.0"
      }
    },
    {
      "identity" : "swift-ui-commons",
      "kind" : "remoteSourceControl",
      "location" : "https://github.com/shvets/swift-ui-commons",
      "state" : {
        "revision" : "0d0af66ce126cb24e68d57643d274468445bbb07",
        "version" : "1.0.0"
      }
    }
  ],
  "version" : 3
}
