{
  "pins" : [
    {
      "identity" : "common-defs",
      "kind" : "remoteSourceControl",
      "location" : "https://github.com/shvets/common-defs",
      "state" : {
        "revision" : "6478bad042bc547945b1eb5ebb1676dfff25bd3f",
        "version" : "1.0.7"
      }
    },
    {
      "identity" : "item-navigator",
      "kind" : "remoteSourceControl",
      "location" : "https://github.com/shvets/item-navigator",
      "state" : {
        "revision" : "ebbc5812c6c6f1b2bf0e9bd8e724dc0043d76163",
        "version" : "1.0.7"
      }
    },
    {
      "identity" : "media-player",
      "kind" : "remoteSourceControl",
      "location" : "https://github.com/shvets/media-player",
      "state" : {
        "revision" : "0936475189f93ad1cb42c41692a08dc866aa1014",
        "version" : "2.0.1"
      }
    },
    {
      "identity" : "plain-image-view",
      "kind" : "remoteSourceControl",
      "location" : "https://github.com/shvets/plain-image-view",
      "state" : {
        "revision" : "36fb07cd0bfb592c19db2d4ace839f84b59ea733",
        "version" : "1.0.2"
      }
    }
  ],
  "version" : 2
}
